{
  "name": "skilltrackzv",
  "version": "2.3.0",
  "lockfileVersion": 1,
  "requires": true,
  "dependencies": {
    "@types/chart.js": {
      "version": "2.9.30",
      "resolved": "https://registry.npmjs.org/@types/chart.js/-/chart.js-2.9.30.tgz",
      "integrity": "sha512-EgjxUUZFvf6ls3kW2CwyrnSJhgyKxgwrlp/W5G9wqyPEO9iFatO63zAA7L24YqgMxiDjQ+tG7ODU+2yWH91lPg==",
      "dev": true,
      "requires": {
        "moment": "^2.10.2"
      }
    },
    "@types/node": {
      "version": "14.14.25",
      "resolved": "https://registry.npmjs.org/@types/node/-/node-14.14.25.tgz",
      "integrity": "sha512-EPpXLOVqDvisVxtlbvzfyqSsFeQxltFbluZNRndIb8tr9KiBnYNLzrc1N3pyKUCww2RNrfHDViqDWWE1LCJQtQ==",
      "dev": true
    },
    "@types/websocket": {
      "version": "1.0.1",
      "resolved": "https://registry.npmjs.org/@types/websocket/-/websocket-1.0.1.tgz",
      "integrity": "sha512-f5WLMpezwVxCLm1xQe/kdPpQIOmL0TXYx2O15VYfYzc7hTIdxiOoOvez+McSIw3b7z/1zGovew9YSL7+h4h7/Q==",
      "dev": true,
      "requires": {
        "@types/node": "*"
      }
    },
    "moment": {
      "version": "2.29.1",
      "resolved": "https://registry.npmjs.org/moment/-/moment-2.29.1.tgz",
      "integrity": "sha512-kHmoybcPV8Sqy59DwNDY3Jefr64lK/by/da0ViFcuA4DH0vQg5Q6Ze5VimxkfQNSC+Mls/Kx53s7TjP1RhFEDQ==",
      "dev": true
    }
  }
}
